
Microsoft Visual Studio Solution File, Format Version 12.00
# Visual Studio Version 17
VisualStudioVersion = 17.1.31911.260
MinimumVisualStudioVersion = 10.0.40219.1
Project("{9A19103F-16F7-4668-BE54-9A1E7A4F7556}") = "Cms.Web", "Cms.Web.csproj", "{FB186EAE-B544-4769-BF3C-FEFF343511FB}"
EndProject
Global
	GlobalSection(SolutionConfigurationPlatforms) = preSolution
		Debug|Any CPU = Debug|Any CPU
		Release|Any CPU = Release|Any CPU
	EndGlobalSection
	GlobalSection(ProjectConfigurationPlatforms) = postSolution
		{FB186EAE-B544-4769-BF3C-FEFF343511FB}.Debug|Any CPU.ActiveCfg = Debug|Any CPU
		{FB186EAE-B544-4769-BF3C-FEFF343511FB}.Debug|Any CPU.Build.0 = Debug|Any CPU
		{FB186EAE-B544-4769-BF3C-FEFF343511FB}.Release|Any CPU.ActiveCfg = Release|Any CPU
		{FB186EAE-B544-4769-BF3C-FEFF343511FB}.Release|Any CPU.Build.0 = Release|Any CPU
	EndGlobalSection
	GlobalSection(SolutionProperties) = preSolution
		HideSolutionNode = FALSE
	EndGlobalSection
	GlobalSection(ExtensibilityGlobals) = postSolution
		SolutionGuid = {C825C1D1-7C4B-49B0-9990-8A9E62006A16}
	EndGlobalSection
EndGlobal
